
Microsoft Visual Studio Solution File, Format Version 12.00
# Visual Studio Version 17
VisualStudioVersion = 17.14.36310.24
MinimumVisualStudioVersion = 10.0.40219.1
Project("{FAE04EC0-301F-11D3-BF4B-00C04F79EFBC}") = "LayoutsDemo", "LayoutsDemo\LayoutsDemo.csproj", "{C2A6A2C4-E783-43C6-9422-4CA17F407B6C}"
EndProject
Project("{FAE04EC0-301F-11D3-BF4B-00C04F79EFBC}") = "SectionsDemo", "SectionsDemo\SectionsDemo.csproj", "{205D0094-D76C-4F7A-8F18-5CC11CEB859E}"
EndProject
Project("{FAE04EC0-301F-11D3-BF4B-00C04F79EFBC}") = "DIYDialog", "DIYDialog\DIYDialog.csproj", "{F06738FD-9970-4644-9E6B-13C5391CD3B5}"
EndProject
Global
	GlobalSection(SolutionConfigurationPlatforms) = preSolution
		Debug|Any CPU = Debug|Any CPU
		Release|Any CPU = Release|Any CPU
	EndGlobalSection
	GlobalSection(ProjectConfigurationPlatforms) = postSolution
		{C2A6A2C4-E783-43C6-9422-4CA17F407B6C}.Debug|Any CPU.ActiveCfg = Debug|Any CPU
		{C2A6A2C4-E783-43C6-9422-4CA17F407B6C}.Debug|Any CPU.Build.0 = Debug|Any CPU
		{C2A6A2C4-E783-43C6-9422-4CA17F407B6C}.Release|Any CPU.ActiveCfg = Release|Any CPU
		{C2A6A2C4-E783-43C6-9422-4CA17F407B6C}.Release|Any CPU.Build.0 = Release|Any CPU
		{205D0094-D76C-4F7A-8F18-5CC11CEB859E}.Debug|Any CPU.ActiveCfg = Debug|Any CPU
		{205D0094-D76C-4F7A-8F18-5CC11CEB859E}.Debug|Any CPU.Build.0 = Debug|Any CPU
		{205D0094-D76C-4F7A-8F18-5CC11CEB859E}.Release|Any CPU.ActiveCfg = Release|Any CPU
		{205D0094-D76C-4F7A-8F18-5CC11CEB859E}.Release|Any CPU.Build.0 = Release|Any CPU
		{F06738FD-9970-4644-9E6B-13C5391CD3B5}.Debug|Any CPU.ActiveCfg = Debug|Any CPU
		{F06738FD-9970-4644-9E6B-13C5391CD3B5}.Debug|Any CPU.Build.0 = Debug|Any CPU
		{F06738FD-9970-4644-9E6B-13C5391CD3B5}.Release|Any CPU.ActiveCfg = Release|Any CPU
		{F06738FD-9970-4644-9E6B-13C5391CD3B5}.Release|Any CPU.Build.0 = Release|Any CPU
	EndGlobalSection
	GlobalSection(SolutionProperties) = preSolution
		HideSolutionNode = FALSE
	EndGlobalSection
	GlobalSection(ExtensibilityGlobals) = postSolution
		SolutionGuid = {018349C5-9272-4E9E-9FE9-B63AB64AE496}
	EndGlobalSection
EndGlobal
